
Microsoft Visual Studio Solution File, Format Version 12.00
# Visual Studio Version 17
VisualStudioVersion = 17.8.34330.188
MinimumVisualStudioVersion = 10.0.40219.1
Project("{FAE04EC0-301F-11D3-BF4B-00C04F79EFBC}") = "BursProgrami", "BursProgrami.csproj", "{30184E5B-34E8-46E8-BF66-B240F0543F50}"
EndProject
Global
	GlobalSection(SolutionConfigurationPlatforms) = preSolution
		Debug|Any CPU = Debug|Any CPU
		Release|Any CPU = Release|Any CPU
	EndGlobalSection
	GlobalSection(ProjectConfigurationPlatforms) = postSolution
		{30184E5B-34E8-46E8-BF66-B240F0543F50}.Debug|Any CPU.ActiveCfg = Debug|Any CPU
		{30184E5B-34E8-46E8-BF66-B240F0543F50}.Debug|Any CPU.Build.0 = Debug|Any CPU
		{30184E5B-34E8-46E8-BF66-B240F0543F50}.Release|Any CPU.ActiveCfg = Release|Any CPU
		{30184E5B-34E8-46E8-BF66-B240F0543F50}.Release|Any CPU.Build.0 = Release|Any CPU
	EndGlobalSection
	GlobalSection(SolutionProperties) = preSolution
		HideSolutionNode = FALSE
	EndGlobalSection
	GlobalSection(ExtensibilityGlobals) = postSolution
		SolutionGuid = {330A1599-F801-40AC-B2D8-C324CFF757CA}
	EndGlobalSection
EndGlobal
